# This file is automatically @generated by Cargo.
# It is not intended for manual editing.
version = 3

[[package]]
name = "erased-serde"
version = "0.3.17"
source = "registry+https://github.com/rust-lang/crates.io-index"
checksum = "44a5d80251b806a14cd3e4e1a582e912d5cbf6904ab19fdefbd7a56adca088e1"
dependencies = [
 "serde",
]

[[package]]
name = "itoa"
version = "1.0.1"
source = "registry+https://github.com/rust-lang/crates.io-index"
checksum = "1aab8fc367588b89dcee83ab0fd66b72b50b72fa1904d7095045ace2b0c81c35"

[[package]]
name = "ryu"
version = "1.0.9"
source = "registry+https://github.com/rust-lang/crates.io-index"
checksum = "73b4b750c782965c211b42f022f59af1fbceabdd026623714f104152f1ec149f"

[[package]]
name = "serde"
version = "1.0.133"
source = "registry+https://github.com/rust-lang/crates.io-index"
checksum = "97565067517b60e2d1ea8b268e59ce036de907ac523ad83a0475da04e818989a"

[[package]]
name = "serde-transcode"
version = "1.1.1"
source = "registry+https://github.com/rust-lang/crates.io-index"
checksum = "590c0e25c2a5bb6e85bf5c1bce768ceb86b316e7a01bdf07d2cb4ec2271990e2"
dependencies = [
 "serde",
]

[[package]]
name = "serde_cli"
version = "0.1.0"
dependencies = [
 "erased-serde",
 "serde-transcode",
 "serde_json",
]

[[package]]
name = "serde_json"
version = "1.0.74"
source = "registry+https://github.com/rust-lang/crates.io-index"
checksum = "ee2bb9cd061c5865d345bb02ca49fcef1391741b672b54a0bf7b679badec3142"
dependencies = [
 "itoa",
 "ryu",
 "serde",
]
