# This file is automatically @generated by Cargo.
# It is not intended for manual editing.
version = 3

[[package]]
name = "erased-serde"
version = "0.3.17"
source = "registry+https://github.com/rust-lang/crates.io-index"
checksum = "44a5d80251b806a14cd3e4e1a582e912d5cbf6904ab19fdefbd7a56adca088e1"
dependencies = [
 "serde",
]

[[package]]
name = "serde"
version = "1.0.133"
source = "registry+https://github.com/rust-lang/crates.io-index"
checksum = "97565067517b60e2d1ea8b268e59ce036de907ac523ad83a0475da04e818989a"

[[package]]
name = "serde-transcode"
version = "1.1.1"
source = "registry+https://github.com/rust-lang/crates.io-index"
checksum = "590c0e25c2a5bb6e85bf5c1bce768ceb86b316e7a01bdf07d2cb4ec2271990e2"
dependencies = [
 "serde",
]

[[package]]
name = "serde_cli"
version = "0.0.0"
dependencies = [
 "erased-serde",
 "serde-transcode",
]
